
Microsoft Visual Studio Solution File, Format Version 12.00
# Visual Studio 15
VisualStudioVersion = 15.0.28307.852
MinimumVisualStudioVersion = 10.0.40219.1
Global
	GlobalSection(SolutionConfigurationPlatforms) = preSolution
		Debug|Any CPU = Debug|Any CPU
		Debug|x64 = Debug|x64
		Release|Any CPU = Release|Any CPU
		Release|x64 = Release|x64
	EndGlobalSection
	GlobalSection(ProjectConfigurationPlatforms) = postSolution
		{9137E7FE-77FC-4FC4-ACD8-975BFD6355D7}.Debug|Any CPU.ActiveCfg = Debug|x64
		{9137E7FE-77FC-4FC4-ACD8-975BFD6355D7}.Debug|x64.ActiveCfg = Debug|x64
		{9137E7FE-77FC-4FC4-ACD8-975BFD6355D7}.Debug|x64.Build.0 = Debug|x64
		{9137E7FE-77FC-4FC4-ACD8-975BFD6355D7}.Debug|x64.Deploy.0 = Debug|x64
		{9137E7FE-77FC-4FC4-ACD8-975BFD6355D7}.Release|Any CPU.ActiveCfg = Release|x64
		{9137E7FE-77FC-4FC4-ACD8-975BFD6355D7}.Release|x64.ActiveCfg = Release|x64
		{9137E7FE-77FC-4FC4-ACD8-975BFD6355D7}.Release|x64.Build.0 = Release|x64
		{9137E7FE-77FC-4FC4-ACD8-975BFD6355D7}.Release|x64.Deploy.0 = Release|x64
		{FD39D945-C55C-4E8D-ABD6-BA95FD8B3E54}.Debug|Any CPU.ActiveCfg = Debug|Any CPU
		{FD39D945-C55C-4E8D-ABD6-BA95FD8B3E54}.Debug|Any CPU.Build.0 = Debug|Any CPU
		{FD39D945-C55C-4E8D-ABD6-BA95FD8B3E54}.Debug|x64.ActiveCfg = Debug|Any CPU
		{FD39D945-C55C-4E8D-ABD6-BA95FD8B3E54}.Debug|x64.Build.0 = Debug|Any CPU
		{FD39D945-C55C-4E8D-ABD6-BA95FD8B3E54}.Release|Any CPU.ActiveCfg = Release|Any CPU
		{FD39D945-C55C-4E8D-ABD6-BA95FD8B3E54}.Release|Any CPU.Build.0 = Release|Any CPU
		{FD39D945-C55C-4E8D-ABD6-BA95FD8B3E54}.Release|x64.ActiveCfg = Release|Any CPU
		{FD39D945-C55C-4E8D-ABD6-BA95FD8B3E54}.Release|x64.Build.0 = Release|Any CPU
	EndGlobalSection
	GlobalSection(SolutionProperties) = preSolution
		HideSolutionNode = FALSE
	EndGlobalSection
	GlobalSection(NestedProjects) = preSolution
		{9137E7FE-77FC-4FC4-ACD8-975BFD6355D7} = {2DC222F5-EE11-4DDA-8358-64443735BAFE}
		{FD39D945-C55C-4E8D-ABD6-BA95FD8B3E54} = {2DC222F5-EE11-4DDA-8358-64443735BAFE}
	EndGlobalSection
	GlobalSection(ExtensibilityGlobals) = postSolution
		SolutionGuid = {F177E5D7-07DA-4FFB-879E-1390D6BC874C}
	EndGlobalSection
EndGlobal
